
Microsoft Visual Studio Solution File, Format Version 12.00
# Visual Studio Version 17
VisualStudioVersion = 17.2.32630.192
MinimumVisualStudioVersion = 10.0.40219.1
Project("{FAE04EC0-301F-11D3-BF4B-00C04F79EFBC}") = "MeatWeigherManager", "MeatWeigherManager\MeatWeigherManager.csproj", "{F5C78F1F-1451-4CFF-9D8B-AC7B93497B2C}"
EndProject
Project("{FAE04EC0-301F-11D3-BF4B-00C04F79EFBC}") = "CExelLib", "MeatWeigherManager\CExelLib\CExelLib.csproj", "{A69507FC-8033-4401-B9A7-6B0E431C08CE}"
EndProject
Project("{FAE04EC0-301F-11D3-BF4B-00C04F79EFBC}") = "CIniRW1", "MeatWeigherManager\CIniRW1\CIniRW1.csproj", "{97E70105-3CEE-4124-A5E9-D3025F0B7A12}"
EndProject
Project("{FAE04EC0-301F-11D3-BF4B-00C04F79EFBC}") = "CSerializerClass", "MeatWeigherManager\CSerializerClass\CSerializerClass.csproj", "{DA76A307-24CA-4BA1-ADA1-9C353A2128F1}"
EndProject
Project("{54435603-DBB4-11D2-8724-00A0C9A8B90C}") = "MeatWeigherManager_Setup", "MeatWeigherManager_Setup\MeatWeigherManager_Setup.vdproj", "{34C9CC2C-0B74-45D3-981B-1E83016E8255}"
EndProject
Project("{FAE04EC0-301F-11D3-BF4B-00C04F79EFBC}") = "CBalanzaSerialPort", "MeatWeigherManager\CBalanzaSerialPort\CBalanzaSerialPort.csproj", "{3095858B-B6AA-4D36-A4A9-A0D0EEE7B45C}"
EndProject
Project("{FAE04EC0-301F-11D3-BF4B-00C04F79EFBC}") = "CCommons", "MeatWeigherManager\CCommons\CCommons.csproj", "{8C054FDA-B6D4-4913-BB43-80099C2B486F}"
EndProject
Project("{FAE04EC0-301F-11D3-BF4B-00C04F79EFBC}") = "TouchscreenKeyboard", "MeatWeigherManager\TouchscreenKeyboard\TouchscreenKeyboard.csproj", "{94070B1D-6DE4-4D45-B2B9-5DA09D0E15C9}"
EndProject
Project("{FAE04EC0-301F-11D3-BF4B-00C04F79EFBC}") = "TouchscreenKeyboard_numeric", "MeatWeigherManager\TouchscreenKeyboard_Numeric\TouchscreenKeyboard_numeric.csproj", "{22E1903B-6034-4263-B39E-8AC4308E6A34}"
EndProject
Project("{FAE04EC0-301F-11D3-BF4B-00C04F79EFBC}") = "CPrintEtiZpl2_Serie", "MeatWeigherManager\CPrintEtiZpl2_Serie\CPrintEtiZpl2_Serie.csproj", "{387FD252-4699-4A99-BB6A-E6A2A1B6349C}"
EndProject
Project("{FAE04EC0-301F-11D3-BF4B-00C04F79EFBC}") = "StatusProgressBar", "MeatWeigherManager\StatusProgressBar\StatusProgressBar.csproj", "{743EDB81-D2AC-4A52-A313-50BD4229401B}"
EndProject
Project("{FAE04EC0-301F-11D3-BF4B-00C04F79EFBC}") = "LedCtrl", "MeatWeigherManager\LedCtrl\LedCtrl.csproj", "{36C13112-2749-4302-9999-4BEA9B325FE6}"
EndProject
Project("{FAE04EC0-301F-11D3-BF4B-00C04F79EFBC}") = "CLogger", "MeatWeigherManager\CLogger\CLogger.csproj", "{EC69150A-02DD-4762-8280-4CFBF16D7727}"
EndProject
Project("{FAE04EC0-301F-11D3-BF4B-00C04F79EFBC}") = "ScaleSerialCtrl", "MeatWeigherManager\ScaleSerialCtrl\ScaleSerialCtrl.csproj", "{A3F054B7-D498-4C18-B34B-9AD4EA8F855B}"
EndProject
Project("{FAE04EC0-301F-11D3-BF4B-00C04F79EFBC}") = "ABM_DB", "MeatWeigherManager\CABM_DB\ABM_DB.csproj", "{757C7A7F-E653-4A77-B4B5-49AB5BF6DF39}"
EndProject
Project("{FAE04EC0-301F-11D3-BF4B-00C04F79EFBC}") = "CAB_ListItemsDlg", "MeatWeigherManager\CAB_ListItemsDlg\CAB_ListItemsDlg.csproj", "{A471CC09-76E7-4555-977D-D26D5AD6F44D}"
EndProject
Project("{FAE04EC0-301F-11D3-BF4B-00C04F79EFBC}") = "RawPrinterHelper", "MeatWeigherManager\RawPrinterHelper\RawPrinterHelper.csproj", "{AEF7F21F-203B-420A-8DAA-128662A180C4}"
EndProject
Project("{FAE04EC0-301F-11D3-BF4B-00C04F79EFBC}") = "PrintEtiZpl2_Win", "MeatWeigherManager\CPrintEtiZpl2_Win\PrintEtiZpl2_Win.csproj", "{FE1BB1D2-D415-4D03-A27F-14CE09501056}"
EndProject
Project("{FAE04EC0-301F-11D3-BF4B-00C04F79EFBC}") = "ZebraScannerLib", "MeatWeigherManager\ZebraScannerLib\ZebraScannerLib.csproj", "{B906082F-9B8C-43E6-83A1-84E4D9DDB0C9}"
EndProject
Project("{FAE04EC0-301F-11D3-BF4B-00C04F79EFBC}") = "ExcellReport", "MeatWeigherManager\ExcelReport\ExcellReport.csproj", "{B2D00096-37F9-490D-8E15-6F6C49A84984}"
EndProject
Project("{FAE04EC0-301F-11D3-BF4B-00C04F79EFBC}") = "StatusListProgressBar", "MeatWeigherManager\StatusListProgressBar\StatusListProgressBar.csproj", "{A0DBF7F1-59D8-44C5-BCD9-BA54736D855D}"
EndProject
Project("{FAE04EC0-301F-11D3-BF4B-00C04F79EFBC}") = "PdfStampa", "MeatWeigherManager\PdfStampa\PdfStampa.csproj", "{4CB24374-90D9-4F49-A8CB-D3D6C700B7A0}"
EndProject
Project("{FAE04EC0-301F-11D3-BF4B-00C04F79EFBC}") = "FormatColumn", "MeatWeigherManager\ColumnsFormatView\FormatColumn.csproj", "{255B65C3-9389-4378-9FC6-0EBEA313BEAF}"
EndProject
Project("{FAE04EC0-301F-11D3-BF4B-00C04F79EFBC}") = "FlexibleMessageBox", "MeatWeigherManager\FlexibleMessageBox\FlexibleMessageBox.csproj", "{3CA69982-285F-4562-899B-4E50F041E371}"
EndProject
Project("{FAE04EC0-301F-11D3-BF4B-00C04F79EFBC}") = "Db", "MeatWeigherManager\Db\Db.csproj", "{47EBA4E5-4FE2-4702-8150-C428FBC926B7}"
EndProject
Project("{FAE04EC0-301F-11D3-BF4B-00C04F79EFBC}") = "ProductoInsumosCtrl", "MeatWeigherManager\ProductoInsumosCtrl\ProductoInsumosCtrl.csproj", "{926DFF18-A814-4DB2-9DB9-643A77D0E440}"
EndProject
Project("{FAE04EC0-301F-11D3-BF4B-00C04F79EFBC}") = "EditStringTouchDlg", "MeatWeigherManager\EditStringTouchDlg\EditStringTouchDlg.csproj", "{EE2F9D02-CA6B-4C2E-A2D9-AE0F9032C046}"
EndProject
Project("{FAE04EC0-301F-11D3-BF4B-00C04F79EFBC}") = "EditValueTouchDlg", "MeatWeigherManager\EditValueTouchDlg\EditValueTouchDlg.csproj", "{2B5271B9-87DA-491C-8F3E-6265D0FC9141}"
EndProject
Project("{FAE04EC0-301F-11D3-BF4B-00C04F79EFBC}") = "Extensions", "MeatWeigherManager\Extensions\Extensions.csproj", "{5924D211-6193-434D-B224-7FCFA2F528E1}"
EndProject
Project("{FAE04EC0-301F-11D3-BF4B-00C04F79EFBC}") = "BigCheckBox", "MeatWeigherManager\BigCheckBox\BigCheckBox.csproj", "{CB5D4CBA-63BA-4878-8DEE-3C8FD5958740}"
EndProject
Project("{FAE04EC0-301F-11D3-BF4B-00C04F79EFBC}") = "WaitCursor", "MeatWeigherManager\WaitCursor\WaitCursor.csproj", "{505281C0-8BC0-4F5C-8BAE-8EEC4EF635C7}"
EndProject
Project("{FAE04EC0-301F-11D3-BF4B-00C04F79EFBC}") = "LoadingCircleCtrl", "MeatWeigherManager\LoadingCircleCtrl\LoadingCircleCtrl.csproj", "{48E18B56-4C37-4D69-ABA7-429C42B45AAC}"
EndProject
Project("{FAE04EC0-301F-11D3-BF4B-00C04F79EFBC}") = "ListViewItemExt", "MeatWeigherManager\ListViewItemExt\ListViewItemExt.csproj", "{B28FF67F-03A6-49AF-8B7F-90CA1468B290}"
EndProject
Project("{FAE04EC0-301F-11D3-BF4B-00C04F79EFBC}") = "HidKeyboardScannerLib", "MeatWeigherManager\HidScannerLib\HidKeyboardScannerLib.csproj", "{93E64E91-1E55-41B2-9ECB-C3E3DE15C3D7}"
EndProject
Global
	GlobalSection(SolutionConfigurationPlatforms) = preSolution
		Debug|Any CPU = Debug|Any CPU
		Debug|Mixed Platforms = Debug|Mixed Platforms
		Debug|x64 = Debug|x64
		Debug|x86 = Debug|x86
		Release|Any CPU = Release|Any CPU
		Release|Mixed Platforms = Release|Mixed Platforms
		Release|x64 = Release|x64
		Release|x86 = Release|x86
	EndGlobalSection
	GlobalSection(ProjectConfigurationPlatforms) = postSolution
		{F5C78F1F-1451-4CFF-9D8B-AC7B93497B2C}.Debug|Any CPU.ActiveCfg = Debug|x86
		{F5C78F1F-1451-4CFF-9D8B-AC7B93497B2C}.Debug|Any CPU.Build.0 = Debug|x86
		{F5C78F1F-1451-4CFF-9D8B-AC7B93497B2C}.Debug|Mixed Platforms.ActiveCfg = Debug|x86
		{F5C78F1F-1451-4CFF-9D8B-AC7B93497B2C}.Debug|Mixed Platforms.Build.0 = Debug|x86
		{F5C78F1F-1451-4CFF-9D8B-AC7B93497B2C}.Debug|x64.ActiveCfg = Debug|x86
		{F5C78F1F-1451-4CFF-9D8B-AC7B93497B2C}.Debug|x64.Build.0 = Debug|x86
		{F5C78F1F-1451-4CFF-9D8B-AC7B93497B2C}.Debug|x86.ActiveCfg = Debug|x86
		{F5C78F1F-1451-4CFF-9D8B-AC7B93497B2C}.Debug|x86.Build.0 = Debug|x86
		{F5C78F1F-1451-4CFF-9D8B-AC7B93497B2C}.Release|Any CPU.ActiveCfg = Release|x86
		{F5C78F1F-1451-4CFF-9D8B-AC7B93497B2C}.Release|Any CPU.Build.0 = Release|x86
		{F5C78F1F-1451-4CFF-9D8B-AC7B93497B2C}.Release|Mixed Platforms.ActiveCfg = Release|x86
		{F5C78F1F-1451-4CFF-9D8B-AC7B93497B2C}.Release|Mixed Platforms.Build.0 = Release|x86
		{F5C78F1F-1451-4CFF-9D8B-AC7B93497B2C}.Release|x64.ActiveCfg = Release|x86
		{F5C78F1F-1451-4CFF-9D8B-AC7B93497B2C}.Release|x64.Build.0 = Release|x86
		{F5C78F1F-1451-4CFF-9D8B-AC7B93497B2C}.Release|x86.ActiveCfg = Release|x86
		{F5C78F1F-1451-4CFF-9D8B-AC7B93497B2C}.Release|x86.Build.0 = Release|x86
		{A69507FC-8033-4401-B9A7-6B0E431C08CE}.Debug|Any CPU.ActiveCfg = Debug|Any CPU
		{A69507FC-8033-4401-B9A7-6B0E431C08CE}.Debug|Any CPU.Build.0 = Debug|Any CPU
		{A69507FC-8033-4401-B9A7-6B0E431C08CE}.Debug|Mixed Platforms.ActiveCfg = Debug|Any CPU
		{A69507FC-8033-4401-B9A7-6B0E431C08CE}.Debug|Mixed Platforms.Build.0 = Debug|Any CPU
		{A69507FC-8033-4401-B9A7-6B0E431C08CE}.Debug|x64.ActiveCfg = Debug|Any CPU
		{A69507FC-8033-4401-B9A7-6B0E431C08CE}.Debug|x64.Build.0 = Debug|Any CPU
		{A69507FC-8033-4401-B9A7-6B0E431C08CE}.Debug|x86.ActiveCfg = Debug|Any CPU
		{A69507FC-8033-4401-B9A7-6B0E431C08CE}.Release|Any CPU.ActiveCfg = Release|Any CPU
		{A69507FC-8033-4401-B9A7-6B0E431C08CE}.Release|Any CPU.Build.0 = Release|Any CPU
		{A69507FC-8033-4401-B9A7-6B0E431C08CE}.Release|Mixed Platforms.ActiveCfg = Release|Any CPU
		{A69507FC-8033-4401-B9A7-6B0E431C08CE}.Release|Mixed Platforms.Build.0 = Release|Any CPU
		{A69507FC-8033-4401-B9A7-6B0E431C08CE}.Release|x64.ActiveCfg = Release|Any CPU
		{A69507FC-8033-4401-B9A7-6B0E431C08CE}.Release|x64.Build.0 = Release|Any CPU
		{A69507FC-8033-4401-B9A7-6B0E431C08CE}.Release|x86.ActiveCfg = Release|Any CPU
		{97E70105-3CEE-4124-A5E9-D3025F0B7A12}.Debug|Any CPU.ActiveCfg = Debug|Any CPU
		{97E70105-3CEE-4124-A5E9-D3025F0B7A12}.Debug|Any CPU.Build.0 = Debug|Any CPU
		{97E70105-3CEE-4124-A5E9-D3025F0B7A12}.Debug|Mixed Platforms.ActiveCfg = Debug|Any CPU
		{97E70105-3CEE-4124-A5E9-D3025F0B7A12}.Debug|Mixed Platforms.Build.0 = Debug|Any CPU
		{97E70105-3CEE-4124-A5E9-D3025F0B7A12}.Debug|x64.ActiveCfg = Debug|Any CPU
		{97E70105-3CEE-4124-A5E9-D3025F0B7A12}.Debug|x64.Build.0 = Debug|Any CPU
		{97E70105-3CEE-4124-A5E9-D3025F0B7A12}.Debug|x86.ActiveCfg = Debug|Any CPU
		{97E70105-3CEE-4124-A5E9-D3025F0B7A12}.Release|Any CPU.ActiveCfg = Release|Any CPU
		{97E70105-3CEE-4124-A5E9-D3025F0B7A12}.Release|Any CPU.Build.0 = Release|Any CPU
		{97E70105-3CEE-4124-A5E9-D3025F0B7A12}.Release|Mixed Platforms.ActiveCfg = Release|Any CPU
		{97E70105-3CEE-4124-A5E9-D3025F0B7A12}.Release|Mixed Platforms.Build.0 = Release|Any CPU
		{97E70105-3CEE-4124-A5E9-D3025F0B7A12}.Release|x64.ActiveCfg = Release|Any CPU
		{97E70105-3CEE-4124-A5E9-D3025F0B7A12}.Release|x64.Build.0 = Release|Any CPU
		{97E70105-3CEE-4124-A5E9-D3025F0B7A12}.Release|x86.ActiveCfg = Release|Any CPU
		{DA76A307-24CA-4BA1-ADA1-9C353A2128F1}.Debug|Any CPU.ActiveCfg = Debug|Any CPU
		{DA76A307-24CA-4BA1-ADA1-9C353A2128F1}.Debug|Any CPU.Build.0 = Debug|Any CPU
		{DA76A307-24CA-4BA1-ADA1-9C353A2128F1}.Debug|Mixed Platforms.ActiveCfg = Debug|Any CPU
		{DA76A307-24CA-4BA1-ADA1-9C353A2128F1}.Debug|Mixed Platforms.Build.0 = Debug|Any CPU
		{DA76A307-24CA-4BA1-ADA1-9C353A2128F1}.Debug|x64.ActiveCfg = Debug|Any CPU
		{DA76A307-24CA-4BA1-ADA1-9C353A2128F1}.Debug|x64.Build.0 = Debug|Any CPU
		{DA76A307-24CA-4BA1-ADA1-9C353A2128F1}.Debug|x86.ActiveCfg = Debug|Any CPU
		{DA76A307-24CA-4BA1-ADA1-9C353A2128F1}.Release|Any CPU.ActiveCfg = Release|Any CPU
		{DA76A307-24CA-4BA1-ADA1-9C353A2128F1}.Release|Any CPU.Build.0 = Release|Any CPU
		{DA76A307-24CA-4BA1-ADA1-9C353A2128F1}.Release|Mixed Platforms.ActiveCfg = Release|Any CPU
		{DA76A307-24CA-4BA1-ADA1-9C353A2128F1}.Release|Mixed Platforms.Build.0 = Release|Any CPU
		{DA76A307-24CA-4BA1-ADA1-9C353A2128F1}.Release|x64.ActiveCfg = Release|Any CPU
		{DA76A307-24CA-4BA1-ADA1-9C353A2128F1}.Release|x64.Build.0 = Release|Any CPU
		{DA76A307-24CA-4BA1-ADA1-9C353A2128F1}.Release|x86.ActiveCfg = Release|Any CPU
		{34C9CC2C-0B74-45D3-981B-1E83016E8255}.Debug|Any CPU.ActiveCfg = Debug
		{34C9CC2C-0B74-45D3-981B-1E83016E8255}.Debug|Mixed Platforms.ActiveCfg = Debug
		{34C9CC2C-0B74-45D3-981B-1E83016E8255}.Debug|x64.ActiveCfg = Debug
		{34C9CC2C-0B74-45D3-981B-1E83016E8255}.Debug|x64.Build.0 = Debug
		{34C9CC2C-0B74-45D3-981B-1E83016E8255}.Debug|x86.ActiveCfg = Debug
		{34C9CC2C-0B74-45D3-981B-1E83016E8255}.Release|Any CPU.ActiveCfg = Release
		{34C9CC2C-0B74-45D3-981B-1E83016E8255}.Release|Any CPU.Build.0 = Release
		{34C9CC2C-0B74-45D3-981B-1E83016E8255}.Release|Mixed Platforms.ActiveCfg = Release
		{34C9CC2C-0B74-45D3-981B-1E83016E8255}.Release|Mixed Platforms.Build.0 = Release
		{34C9CC2C-0B74-45D3-981B-1E83016E8255}.Release|x64.ActiveCfg = Release
		{34C9CC2C-0B74-45D3-981B-1E83016E8255}.Release|x64.Build.0 = Release
		{34C9CC2C-0B74-45D3-981B-1E83016E8255}.Release|x86.ActiveCfg = Release
		{3095858B-B6AA-4D36-A4A9-A0D0EEE7B45C}.Debug|Any CPU.ActiveCfg = Debug|Any CPU
		{3095858B-B6AA-4D36-A4A9-A0D0EEE7B45C}.Debug|Any CPU.Build.0 = Debug|Any CPU
		{3095858B-B6AA-4D36-A4A9-A0D0EEE7B45C}.Debug|Mixed Platforms.ActiveCfg = Debug|Any CPU
		{3095858B-B6AA-4D36-A4A9-A0D0EEE7B45C}.Debug|Mixed Platforms.Build.0 = Debug|Any CPU
		{3095858B-B6AA-4D36-A4A9-A0D0EEE7B45C}.Debug|x64.ActiveCfg = Debug|Any CPU
		{3095858B-B6AA-4D36-A4A9-A0D0EEE7B45C}.Debug|x64.Build.0 = Debug|Any CPU
		{3095858B-B6AA-4D36-A4A9-A0D0EEE7B45C}.Debug|x86.ActiveCfg = Debug|Any CPU
		{3095858B-B6AA-4D36-A4A9-A0D0EEE7B45C}.Release|Any CPU.ActiveCfg = Release|Any CPU
		{3095858B-B6AA-4D36-A4A9-A0D0EEE7B45C}.Release|Any CPU.Build.0 = Release|Any CPU
		{3095858B-B6AA-4D36-A4A9-A0D0EEE7B45C}.Release|Mixed Platforms.ActiveCfg = Release|Any CPU
		{3095858B-B6AA-4D36-A4A9-A0D0EEE7B45C}.Release|Mixed Platforms.Build.0 = Release|Any CPU
		{3095858B-B6AA-4D36-A4A9-A0D0EEE7B45C}.Release|x64.ActiveCfg = Release|Any CPU
		{3095858B-B6AA-4D36-A4A9-A0D0EEE7B45C}.Release|x64.Build.0 = Release|Any CPU
		{3095858B-B6AA-4D36-A4A9-A0D0EEE7B45C}.Release|x86.ActiveCfg = Release|Any CPU
		{8C054FDA-B6D4-4913-BB43-80099C2B486F}.Debug|Any CPU.ActiveCfg = Debug|Any CPU
		{8C054FDA-B6D4-4913-BB43-80099C2B486F}.Debug|Any CPU.Build.0 = Debug|Any CPU
		{8C054FDA-B6D4-4913-BB43-80099C2B486F}.Debug|Mixed Platforms.ActiveCfg = Debug|Any CPU
		{8C054FDA-B6D4-4913-BB43-80099C2B486F}.Debug|Mixed Platforms.Build.0 = Debug|Any CPU
		{8C054FDA-B6D4-4913-BB43-80099C2B486F}.Debug|x64.ActiveCfg = Debug|Any CPU
		{8C054FDA-B6D4-4913-BB43-80099C2B486F}.Debug|x64.Build.0 = Debug|Any CPU
		{8C054FDA-B6D4-4913-BB43-80099C2B486F}.Debug|x86.ActiveCfg = Debug|Any CPU
		{8C054FDA-B6D4-4913-BB43-80099C2B486F}.Release|Any CPU.ActiveCfg = Release|Any CPU
		{8C054FDA-B6D4-4913-BB43-80099C2B486F}.Release|Any CPU.Build.0 = Release|Any CPU
		{8C054FDA-B6D4-4913-BB43-80099C2B486F}.Release|Mixed Platforms.ActiveCfg = Release|Any CPU
		{8C054FDA-B6D4-4913-BB43-80099C2B486F}.Release|Mixed Platforms.Build.0 = Release|Any CPU
		{8C054FDA-B6D4-4913-BB43-80099C2B486F}.Release|x64.ActiveCfg = Release|Any CPU
		{8C054FDA-B6D4-4913-BB43-80099C2B486F}.Release|x64.Build.0 = Release|Any CPU
		{8C054FDA-B6D4-4913-BB43-80099C2B486F}.Release|x86.ActiveCfg = Release|Any CPU
		{94070B1D-6DE4-4D45-B2B9-5DA09D0E15C9}.Debug|Any CPU.ActiveCfg = Debug|Any CPU
		{94070B1D-6DE4-4D45-B2B9-5DA09D0E15C9}.Debug|Any CPU.Build.0 = Debug|Any CPU
		{94070B1D-6DE4-4D45-B2B9-5DA09D0E15C9}.Debug|Mixed Platforms.ActiveCfg = Debug|Any CPU
		{94070B1D-6DE4-4D45-B2B9-5DA09D0E15C9}.Debug|Mixed Platforms.Build.0 = Debug|Any CPU
		{94070B1D-6DE4-4D45-B2B9-5DA09D0E15C9}.Debug|x64.ActiveCfg = Debug|Any CPU
		{94070B1D-6DE4-4D45-B2B9-5DA09D0E15C9}.Debug|x64.Build.0 = Debug|Any CPU
		{94070B1D-6DE4-4D45-B2B9-5DA09D0E15C9}.Debug|x86.ActiveCfg = Debug|Any CPU
		{94070B1D-6DE4-4D45-B2B9-5DA09D0E15C9}.Release|Any CPU.ActiveCfg = Release|Any CPU
		{94070B1D-6DE4-4D45-B2B9-5DA09D0E15C9}.Release|Any CPU.Build.0 = Release|Any CPU
		{94070B1D-6DE4-4D45-B2B9-5DA09D0E15C9}.Release|Mixed Platforms.ActiveCfg = Release|Any CPU
		{94070B1D-6DE4-4D45-B2B9-5DA09D0E15C9}.Release|Mixed Platforms.Build.0 = Release|Any CPU
		{94070B1D-6DE4-4D45-B2B9-5DA09D0E15C9}.Release|x64.ActiveCfg = Release|Any CPU
		{94070B1D-6DE4-4D45-B2B9-5DA09D0E15C9}.Release|x64.Build.0 = Release|Any CPU
		{94070B1D-6DE4-4D45-B2B9-5DA09D0E15C9}.Release|x86.ActiveCfg = Release|Any CPU
		{22E1903B-6034-4263-B39E-8AC4308E6A34}.Debug|Any CPU.ActiveCfg = Debug|Any CPU
		{22E1903B-6034-4263-B39E-8AC4308E6A34}.Debug|Any CPU.Build.0 = Debug|Any CPU
		{22E1903B-6034-4263-B39E-8AC4308E6A34}.Debug|Mixed Platforms.ActiveCfg = Debug|Any CPU
		{22E1903B-6034-4263-B39E-8AC4308E6A34}.Debug|Mixed Platforms.Build.0 = Debug|Any CPU
		{22E1903B-6034-4263-B39E-8AC4308E6A34}.Debug|x64.ActiveCfg = Debug|Any CPU
		{22E1903B-6034-4263-B39E-8AC4308E6A34}.Debug|x64.Build.0 = Debug|Any CPU
		{22E1903B-6034-4263-B39E-8AC4308E6A34}.Debug|x86.ActiveCfg = Debug|Any CPU
		{22E1903B-6034-4263-B39E-8AC4308E6A34}.Release|Any CPU.ActiveCfg = Release|Any CPU
		{22E1903B-6034-4263-B39E-8AC4308E6A34}.Release|Any CPU.Build.0 = Release|Any CPU
		{22E1903B-6034-4263-B39E-8AC4308E6A34}.Release|Mixed Platforms.ActiveCfg = Release|Any CPU
		{22E1903B-6034-4263-B39E-8AC4308E6A34}.Release|Mixed Platforms.Build.0 = Release|Any CPU
		{22E1903B-6034-4263-B39E-8AC4308E6A34}.Release|x64.ActiveCfg = Release|Any CPU
		{22E1903B-6034-4263-B39E-8AC4308E6A34}.Release|x64.Build.0 = Release|Any CPU
		{22E1903B-6034-4263-B39E-8AC4308E6A34}.Release|x86.ActiveCfg = Release|Any CPU
		{387FD252-4699-4A99-BB6A-E6A2A1B6349C}.Debug|Any CPU.ActiveCfg = Debug|Any CPU
		{387FD252-4699-4A99-BB6A-E6A2A1B6349C}.Debug|Any CPU.Build.0 = Debug|Any CPU
		{387FD252-4699-4A99-BB6A-E6A2A1B6349C}.Debug|Mixed Platforms.ActiveCfg = Debug|Any CPU
		{387FD252-4699-4A99-BB6A-E6A2A1B6349C}.Debug|Mixed Platforms.Build.0 = Debug|Any CPU
		{387FD252-4699-4A99-BB6A-E6A2A1B6349C}.Debug|x64.ActiveCfg = Debug|Any CPU
		{387FD252-4699-4A99-BB6A-E6A2A1B6349C}.Debug|x64.Build.0 = Debug|Any CPU
		{387FD252-4699-4A99-BB6A-E6A2A1B6349C}.Debug|x86.ActiveCfg = Debug|Any CPU
		{387FD252-4699-4A99-BB6A-E6A2A1B6349C}.Release|Any CPU.ActiveCfg = Release|Any CPU
		{387FD252-4699-4A99-BB6A-E6A2A1B6349C}.Release|Any CPU.Build.0 = Release|Any CPU
		{387FD252-4699-4A99-BB6A-E6A2A1B6349C}.Release|Mixed Platforms.ActiveCfg = Release|Any CPU
		{387FD252-4699-4A99-BB6A-E6A2A1B6349C}.Release|Mixed Platforms.Build.0 = Release|Any CPU
		{387FD252-4699-4A99-BB6A-E6A2A1B6349C}.Release|x64.ActiveCfg = Release|Any CPU
		{387FD252-4699-4A99-BB6A-E6A2A1B6349C}.Release|x64.Build.0 = Release|Any CPU
		{387FD252-4699-4A99-BB6A-E6A2A1B6349C}.Release|x86.ActiveCfg = Release|Any CPU
		{743EDB81-D2AC-4A52-A313-50BD4229401B}.Debug|Any CPU.ActiveCfg = Debug|Any CPU
		{743EDB81-D2AC-4A52-A313-50BD4229401B}.Debug|Any CPU.Build.0 = Debug|Any CPU
		{743EDB81-D2AC-4A52-A313-50BD4229401B}.Debug|Mixed Platforms.ActiveCfg = Debug|Any CPU
		{743EDB81-D2AC-4A52-A313-50BD4229401B}.Debug|Mixed Platforms.Build.0 = Debug|Any CPU
		{743EDB81-D2AC-4A52-A313-50BD4229401B}.Debug|x64.ActiveCfg = Debug|Any CPU
		{743EDB81-D2AC-4A52-A313-50BD4229401B}.Debug|x64.Build.0 = Debug|Any CPU
		{743EDB81-D2AC-4A52-A313-50BD4229401B}.Debug|x86.ActiveCfg = Debug|Any CPU
		{743EDB81-D2AC-4A52-A313-50BD4229401B}.Release|Any CPU.ActiveCfg = Release|Any CPU
		{743EDB81-D2AC-4A52-A313-50BD4229401B}.Release|Any CPU.Build.0 = Release|Any CPU
		{743EDB81-D2AC-4A52-A313-50BD4229401B}.Release|Mixed Platforms.ActiveCfg = Release|Any CPU
		{743EDB81-D2AC-4A52-A313-50BD4229401B}.Release|Mixed Platforms.Build.0 = Release|Any CPU
		{743EDB81-D2AC-4A52-A313-50BD4229401B}.Release|x64.ActiveCfg = Release|Any CPU
		{743EDB81-D2AC-4A52-A313-50BD4229401B}.Release|x64.Build.0 = Release|Any CPU
		{743EDB81-D2AC-4A52-A313-50BD4229401B}.Release|x86.ActiveCfg = Release|Any CPU
		{36C13112-2749-4302-9999-4BEA9B325FE6}.Debug|Any CPU.ActiveCfg = Debug|Any CPU
		{36C13112-2749-4302-9999-4BEA9B325FE6}.Debug|Any CPU.Build.0 = Debug|Any CPU
		{36C13112-2749-4302-9999-4BEA9B325FE6}.Debug|Mixed Platforms.ActiveCfg = Debug|Any CPU
		{36C13112-2749-4302-9999-4BEA9B325FE6}.Debug|Mixed Platforms.Build.0 = Debug|Any CPU
		{36C13112-2749-4302-9999-4BEA9B325FE6}.Debug|x64.ActiveCfg = Debug|Any CPU
		{36C13112-2749-4302-9999-4BEA9B325FE6}.Debug|x64.Build.0 = Debug|Any CPU
		{36C13112-2749-4302-9999-4BEA9B325FE6}.Debug|x86.ActiveCfg = Debug|Any CPU
		{36C13112-2749-4302-9999-4BEA9B325FE6}.Debug|x86.Build.0 = Debug|Any CPU
		{36C13112-2749-4302-9999-4BEA9B325FE6}.Release|Any CPU.ActiveCfg = Release|Any CPU
		{36C13112-2749-4302-9999-4BEA9B325FE6}.Release|Any CPU.Build.0 = Release|Any CPU
		{36C13112-2749-4302-9999-4BEA9B325FE6}.Release|Mixed Platforms.ActiveCfg = Release|Any CPU
		{36C13112-2749-4302-9999-4BEA9B325FE6}.Release|Mixed Platforms.Build.0 = Release|Any CPU
		{36C13112-2749-4302-9999-4BEA9B325FE6}.Release|x64.ActiveCfg = Release|Any CPU
		{36C13112-2749-4302-9999-4BEA9B325FE6}.Release|x64.Build.0 = Release|Any CPU
		{36C13112-2749-4302-9999-4BEA9B325FE6}.Release|x86.ActiveCfg = Release|Any CPU
		{36C13112-2749-4302-9999-4BEA9B325FE6}.Release|x86.Build.0 = Release|Any CPU
		{EC69150A-02DD-4762-8280-4CFBF16D7727}.Debug|Any CPU.ActiveCfg = Debug|Any CPU
		{EC69150A-02DD-4762-8280-4CFBF16D7727}.Debug|Any CPU.Build.0 = Debug|Any CPU
		{EC69150A-02DD-4762-8280-4CFBF16D7727}.Debug|Mixed Platforms.ActiveCfg = Debug|Any CPU
		{EC69150A-02DD-4762-8280-4CFBF16D7727}.Debug|Mixed Platforms.Build.0 = Debug|Any CPU
		{EC69150A-02DD-4762-8280-4CFBF16D7727}.Debug|x64.ActiveCfg = Debug|Any CPU
		{EC69150A-02DD-4762-8280-4CFBF16D7727}.Debug|x64.Build.0 = Debug|Any CPU
		{EC69150A-02DD-4762-8280-4CFBF16D7727}.Debug|x86.ActiveCfg = Debug|Any CPU
		{EC69150A-02DD-4762-8280-4CFBF16D7727}.Debug|x86.Build.0 = Debug|Any CPU
		{EC69150A-02DD-4762-8280-4CFBF16D7727}.Release|Any CPU.ActiveCfg = Release|Any CPU
		{EC69150A-02DD-4762-8280-4CFBF16D7727}.Release|Any CPU.Build.0 = Release|Any CPU
		{EC69150A-02DD-4762-8280-4CFBF16D7727}.Release|Mixed Platforms.ActiveCfg = Release|Any CPU
		{EC69150A-02DD-4762-8280-4CFBF16D7727}.Release|Mixed Platforms.Build.0 = Release|Any CPU
		{EC69150A-02DD-4762-8280-4CFBF16D7727}.Release|x64.ActiveCfg = Release|Any CPU
		{EC69150A-02DD-4762-8280-4CFBF16D7727}.Release|x64.Build.0 = Release|Any CPU
		{EC69150A-02DD-4762-8280-4CFBF16D7727}.Release|x86.ActiveCfg = Release|Any CPU
		{EC69150A-02DD-4762-8280-4CFBF16D7727}.Release|x86.Build.0 = Release|Any CPU
		{A3F054B7-D498-4C18-B34B-9AD4EA8F855B}.Debug|Any CPU.ActiveCfg = Debug|Any CPU
		{A3F054B7-D498-4C18-B34B-9AD4EA8F855B}.Debug|Any CPU.Build.0 = Debug|Any CPU
		{A3F054B7-D498-4C18-B34B-9AD4EA8F855B}.Debug|Mixed Platforms.ActiveCfg = Debug|Any CPU
		{A3F054B7-D498-4C18-B34B-9AD4EA8F855B}.Debug|Mixed Platforms.Build.0 = Debug|Any CPU
		{A3F054B7-D498-4C18-B34B-9AD4EA8F855B}.Debug|x64.ActiveCfg = Debug|Any CPU
		{A3F054B7-D498-4C18-B34B-9AD4EA8F855B}.Debug|x64.Build.0 = Debug|Any CPU
		{A3F054B7-D498-4C18-B34B-9AD4EA8F855B}.Debug|x86.ActiveCfg = Debug|Any CPU
		{A3F054B7-D498-4C18-B34B-9AD4EA8F855B}.Debug|x86.Build.0 = Debug|Any CPU
		{A3F054B7-D498-4C18-B34B-9AD4EA8F855B}.Release|Any CPU.ActiveCfg = Release|Any CPU
		{A3F054B7-D498-4C18-B34B-9AD4EA8F855B}.Release|Any CPU.Build.0 = Release|Any CPU
		{A3F054B7-D498-4C18-B34B-9AD4EA8F855B}.Release|Mixed Platforms.ActiveCfg = Release|Any CPU
		{A3F054B7-D498-4C18-B34B-9AD4EA8F855B}.Release|Mixed Platforms.Build.0 = Release|Any CPU
		{A3F054B7-D498-4C18-B34B-9AD4EA8F855B}.Release|x64.ActiveCfg = Release|Any CPU
		{A3F054B7-D498-4C18-B34B-9AD4EA8F855B}.Release|x64.Build.0 = Release|Any CPU
		{A3F054B7-D498-4C18-B34B-9AD4EA8F855B}.Release|x86.ActiveCfg = Release|Any CPU
		{A3F054B7-D498-4C18-B34B-9AD4EA8F855B}.Release|x86.Build.0 = Release|Any CPU
		{757C7A7F-E653-4A77-B4B5-49AB5BF6DF39}.Debug|Any CPU.ActiveCfg = Debug|Any CPU
		{757C7A7F-E653-4A77-B4B5-49AB5BF6DF39}.Debug|Any CPU.Build.0 = Debug|Any CPU
		{757C7A7F-E653-4A77-B4B5-49AB5BF6DF39}.Debug|Mixed Platforms.ActiveCfg = Debug|Any CPU
		{757C7A7F-E653-4A77-B4B5-49AB5BF6DF39}.Debug|Mixed Platforms.Build.0 = Debug|Any CPU
		{757C7A7F-E653-4A77-B4B5-49AB5BF6DF39}.Debug|x64.ActiveCfg = Debug|Any CPU
		{757C7A7F-E653-4A77-B4B5-49AB5BF6DF39}.Debug|x64.Build.0 = Debug|Any CPU
		{757C7A7F-E653-4A77-B4B5-49AB5BF6DF39}.Debug|x86.ActiveCfg = Debug|Any CPU
		{757C7A7F-E653-4A77-B4B5-49AB5BF6DF39}.Debug|x86.Build.0 = Debug|Any CPU
		{757C7A7F-E653-4A77-B4B5-49AB5BF6DF39}.Release|Any CPU.ActiveCfg = Release|Any CPU
		{757C7A7F-E653-4A77-B4B5-49AB5BF6DF39}.Release|Any CPU.Build.0 = Release|Any CPU
		{757C7A7F-E653-4A77-B4B5-49AB5BF6DF39}.Release|Mixed Platforms.ActiveCfg = Release|Any CPU
		{757C7A7F-E653-4A77-B4B5-49AB5BF6DF39}.Release|Mixed Platforms.Build.0 = Release|Any CPU
		{757C7A7F-E653-4A77-B4B5-49AB5BF6DF39}.Release|x64.ActiveCfg = Release|Any CPU
		{757C7A7F-E653-4A77-B4B5-49AB5BF6DF39}.Release|x64.Build.0 = Release|Any CPU
		{757C7A7F-E653-4A77-B4B5-49AB5BF6DF39}.Release|x86.ActiveCfg = Release|Any CPU
		{757C7A7F-E653-4A77-B4B5-49AB5BF6DF39}.Release|x86.Build.0 = Release|Any CPU
		{A471CC09-76E7-4555-977D-D26D5AD6F44D}.Debug|Any CPU.ActiveCfg = Debug|Any CPU
		{A471CC09-76E7-4555-977D-D26D5AD6F44D}.Debug|Any CPU.Build.0 = Debug|Any CPU
		{A471CC09-76E7-4555-977D-D26D5AD6F44D}.Debug|Mixed Platforms.ActiveCfg = Debug|Any CPU
		{A471CC09-76E7-4555-977D-D26D5AD6F44D}.Debug|Mixed Platforms.Build.0 = Debug|Any CPU
		{A471CC09-76E7-4555-977D-D26D5AD6F44D}.Debug|x64.ActiveCfg = Debug|Any CPU
		{A471CC09-76E7-4555-977D-D26D5AD6F44D}.Debug|x64.Build.0 = Debug|Any CPU
		{A471CC09-76E7-4555-977D-D26D5AD6F44D}.Debug|x86.ActiveCfg = Debug|Any CPU
		{A471CC09-76E7-4555-977D-D26D5AD6F44D}.Debug|x86.Build.0 = Debug|Any CPU
		{A471CC09-76E7-4555-977D-D26D5AD6F44D}.Release|Any CPU.ActiveCfg = Release|Any CPU
		{A471CC09-76E7-4555-977D-D26D5AD6F44D}.Release|Any CPU.Build.0 = Release|Any CPU
		{A471CC09-76E7-4555-977D-D26D5AD6F44D}.Release|Mixed Platforms.ActiveCfg = Release|Any CPU
		{A471CC09-76E7-4555-977D-D26D5AD6F44D}.Release|Mixed Platforms.Build.0 = Release|Any CPU
		{A471CC09-76E7-4555-977D-D26D5AD6F44D}.Release|x64.ActiveCfg = Release|Any CPU
		{A471CC09-76E7-4555-977D-D26D5AD6F44D}.Release|x64.Build.0 = Release|Any CPU
		{A471CC09-76E7-4555-977D-D26D5AD6F44D}.Release|x86.ActiveCfg = Release|Any CPU
		{A471CC09-76E7-4555-977D-D26D5AD6F44D}.Release|x86.Build.0 = Release|Any CPU
		{AEF7F21F-203B-420A-8DAA-128662A180C4}.Debug|Any CPU.ActiveCfg = Debug|Any CPU
		{AEF7F21F-203B-420A-8DAA-128662A180C4}.Debug|Any CPU.Build.0 = Debug|Any CPU
		{AEF7F21F-203B-420A-8DAA-128662A180C4}.Debug|Mixed Platforms.ActiveCfg = Debug|Any CPU
		{AEF7F21F-203B-420A-8DAA-128662A180C4}.Debug|Mixed Platforms.Build.0 = Debug|Any CPU
		{AEF7F21F-203B-420A-8DAA-128662A180C4}.Debug|x64.ActiveCfg = Debug|Any CPU
		{AEF7F21F-203B-420A-8DAA-128662A180C4}.Debug|x64.Build.0 = Debug|Any CPU
		{AEF7F21F-203B-420A-8DAA-128662A180C4}.Debug|x86.ActiveCfg = Debug|Any CPU
		{AEF7F21F-203B-420A-8DAA-128662A180C4}.Debug|x86.Build.0 = Debug|Any CPU
		{AEF7F21F-203B-420A-8DAA-128662A180C4}.Release|Any CPU.ActiveCfg = Release|Any CPU
		{AEF7F21F-203B-420A-8DAA-128662A180C4}.Release|Any CPU.Build.0 = Release|Any CPU
		{AEF7F21F-203B-420A-8DAA-128662A180C4}.Release|Mixed Platforms.ActiveCfg = Release|Any CPU
		{AEF7F21F-203B-420A-8DAA-128662A180C4}.Release|Mixed Platforms.Build.0 = Release|Any CPU
		{AEF7F21F-203B-420A-8DAA-128662A180C4}.Release|x64.ActiveCfg = Release|Any CPU
		{AEF7F21F-203B-420A-8DAA-128662A180C4}.Release|x64.Build.0 = Release|Any CPU
		{AEF7F21F-203B-420A-8DAA-128662A180C4}.Release|x86.ActiveCfg = Release|Any CPU
		{AEF7F21F-203B-420A-8DAA-128662A180C4}.Release|x86.Build.0 = Release|Any CPU
		{FE1BB1D2-D415-4D03-A27F-14CE09501056}.Debug|Any CPU.ActiveCfg = Debug|Any CPU
		{FE1BB1D2-D415-4D03-A27F-14CE09501056}.Debug|Any CPU.Build.0 = Debug|Any CPU
		{FE1BB1D2-D415-4D03-A27F-14CE09501056}.Debug|Mixed Platforms.ActiveCfg = Debug|Any CPU
		{FE1BB1D2-D415-4D03-A27F-14CE09501056}.Debug|Mixed Platforms.Build.0 = Debug|Any CPU
		{FE1BB1D2-D415-4D03-A27F-14CE09501056}.Debug|x64.ActiveCfg = Debug|Any CPU
		{FE1BB1D2-D415-4D03-A27F-14CE09501056}.Debug|x64.Build.0 = Debug|Any CPU
		{FE1BB1D2-D415-4D03-A27F-14CE09501056}.Debug|x86.ActiveCfg = Debug|Any CPU
		{FE1BB1D2-D415-4D03-A27F-14CE09501056}.Debug|x86.Build.0 = Debug|Any CPU
		{FE1BB1D2-D415-4D03-A27F-14CE09501056}.Release|Any CPU.ActiveCfg = Release|Any CPU
		{FE1BB1D2-D415-4D03-A27F-14CE09501056}.Release|Any CPU.Build.0 = Release|Any CPU
		{FE1BB1D2-D415-4D03-A27F-14CE09501056}.Release|Mixed Platforms.ActiveCfg = Release|Any CPU
		{FE1BB1D2-D415-4D03-A27F-14CE09501056}.Release|Mixed Platforms.Build.0 = Release|Any CPU
		{FE1BB1D2-D415-4D03-A27F-14CE09501056}.Release|x64.ActiveCfg = Release|Any CPU
		{FE1BB1D2-D415-4D03-A27F-14CE09501056}.Release|x64.Build.0 = Release|Any CPU
		{FE1BB1D2-D415-4D03-A27F-14CE09501056}.Release|x86.ActiveCfg = Release|Any CPU
		{FE1BB1D2-D415-4D03-A27F-14CE09501056}.Release|x86.Build.0 = Release|Any CPU
		{B906082F-9B8C-43E6-83A1-84E4D9DDB0C9}.Debug|Any CPU.ActiveCfg = Debug|Any CPU
		{B906082F-9B8C-43E6-83A1-84E4D9DDB0C9}.Debug|Any CPU.Build.0 = Debug|Any CPU
		{B906082F-9B8C-43E6-83A1-84E4D9DDB0C9}.Debug|Mixed Platforms.ActiveCfg = Debug|Any CPU
		{B906082F-9B8C-43E6-83A1-84E4D9DDB0C9}.Debug|Mixed Platforms.Build.0 = Debug|Any CPU
		{B906082F-9B8C-43E6-83A1-84E4D9DDB0C9}.Debug|x64.ActiveCfg = Debug|Any CPU
		{B906082F-9B8C-43E6-83A1-84E4D9DDB0C9}.Debug|x64.Build.0 = Debug|Any CPU
		{B906082F-9B8C-43E6-83A1-84E4D9DDB0C9}.Debug|x86.ActiveCfg = Debug|Any CPU
		{B906082F-9B8C-43E6-83A1-84E4D9DDB0C9}.Debug|x86.Build.0 = Debug|Any CPU
		{B906082F-9B8C-43E6-83A1-84E4D9DDB0C9}.Release|Any CPU.ActiveCfg = Release|Any CPU
		{B906082F-9B8C-43E6-83A1-84E4D9DDB0C9}.Release|Any CPU.Build.0 = Release|Any CPU
		{B906082F-9B8C-43E6-83A1-84E4D9DDB0C9}.Release|Mixed Platforms.ActiveCfg = Release|Any CPU
		{B906082F-9B8C-43E6-83A1-84E4D9DDB0C9}.Release|Mixed Platforms.Build.0 = Release|Any CPU
		{B906082F-9B8C-43E6-83A1-84E4D9DDB0C9}.Release|x64.ActiveCfg = Release|Any CPU
		{B906082F-9B8C-43E6-83A1-84E4D9DDB0C9}.Release|x64.Build.0 = Release|Any CPU
		{B906082F-9B8C-43E6-83A1-84E4D9DDB0C9}.Release|x86.ActiveCfg = Release|Any CPU
		{B906082F-9B8C-43E6-83A1-84E4D9DDB0C9}.Release|x86.Build.0 = Release|Any CPU
		{B2D00096-37F9-490D-8E15-6F6C49A84984}.Debug|Any CPU.ActiveCfg = Debug|Any CPU
		{B2D00096-37F9-490D-8E15-6F6C49A84984}.Debug|Any CPU.Build.0 = Debug|Any CPU
		{B2D00096-37F9-490D-8E15-6F6C49A84984}.Debug|Mixed Platforms.ActiveCfg = Debug|Any CPU
		{B2D00096-37F9-490D-8E15-6F6C49A84984}.Debug|Mixed Platforms.Build.0 = Debug|Any CPU
		{B2D00096-37F9-490D-8E15-6F6C49A84984}.Debug|x64.ActiveCfg = Debug|Any CPU
		{B2D00096-37F9-490D-8E15-6F6C49A84984}.Debug|x64.Build.0 = Debug|Any CPU
		{B2D00096-37F9-490D-8E15-6F6C49A84984}.Debug|x86.ActiveCfg = Debug|Any CPU
		{B2D00096-37F9-490D-8E15-6F6C49A84984}.Debug|x86.Build.0 = Debug|Any CPU
		{B2D00096-37F9-490D-8E15-6F6C49A84984}.Release|Any CPU.ActiveCfg = Release|Any CPU
		{B2D00096-37F9-490D-8E15-6F6C49A84984}.Release|Any CPU.Build.0 = Release|Any CPU
		{B2D00096-37F9-490D-8E15-6F6C49A84984}.Release|Mixed Platforms.ActiveCfg = Release|Any CPU
		{B2D00096-37F9-490D-8E15-6F6C49A84984}.Release|Mixed Platforms.Build.0 = Release|Any CPU
		{B2D00096-37F9-490D-8E15-6F6C49A84984}.Release|x64.ActiveCfg = Release|Any CPU
		{B2D00096-37F9-490D-8E15-6F6C49A84984}.Release|x64.Build.0 = Release|Any CPU
		{B2D00096-37F9-490D-8E15-6F6C49A84984}.Release|x86.ActiveCfg = Release|Any CPU
		{B2D00096-37F9-490D-8E15-6F6C49A84984}.Release|x86.Build.0 = Release|Any CPU
		{A0DBF7F1-59D8-44C5-BCD9-BA54736D855D}.Debug|Any CPU.ActiveCfg = Debug|Any CPU
		{A0DBF7F1-59D8-44C5-BCD9-BA54736D855D}.Debug|Any CPU.Build.0 = Debug|Any CPU
		{A0DBF7F1-59D8-44C5-BCD9-BA54736D855D}.Debug|Mixed Platforms.ActiveCfg = Debug|Any CPU
		{A0DBF7F1-59D8-44C5-BCD9-BA54736D855D}.Debug|Mixed Platforms.Build.0 = Debug|Any CPU
		{A0DBF7F1-59D8-44C5-BCD9-BA54736D855D}.Debug|x64.ActiveCfg = Debug|Any CPU
		{A0DBF7F1-59D8-44C5-BCD9-BA54736D855D}.Debug|x64.Build.0 = Debug|Any CPU
		{A0DBF7F1-59D8-44C5-BCD9-BA54736D855D}.Debug|x86.ActiveCfg = Debug|Any CPU
		{A0DBF7F1-59D8-44C5-BCD9-BA54736D855D}.Debug|x86.Build.0 = Debug|Any CPU
		{A0DBF7F1-59D8-44C5-BCD9-BA54736D855D}.Release|Any CPU.ActiveCfg = Release|Any CPU
		{A0DBF7F1-59D8-44C5-BCD9-BA54736D855D}.Release|Any CPU.Build.0 = Release|Any CPU
		{A0DBF7F1-59D8-44C5-BCD9-BA54736D855D}.Release|Mixed Platforms.ActiveCfg = Release|Any CPU
		{A0DBF7F1-59D8-44C5-BCD9-BA54736D855D}.Release|Mixed Platforms.Build.0 = Release|Any CPU
		{A0DBF7F1-59D8-44C5-BCD9-BA54736D855D}.Release|x64.ActiveCfg = Release|Any CPU
		{A0DBF7F1-59D8-44C5-BCD9-BA54736D855D}.Release|x64.Build.0 = Release|Any CPU
		{A0DBF7F1-59D8-44C5-BCD9-BA54736D855D}.Release|x86.ActiveCfg = Release|Any CPU
		{A0DBF7F1-59D8-44C5-BCD9-BA54736D855D}.Release|x86.Build.0 = Release|Any CPU
		{4CB24374-90D9-4F49-A8CB-D3D6C700B7A0}.Debug|Any CPU.ActiveCfg = Debug|Any CPU
		{4CB24374-90D9-4F49-A8CB-D3D6C700B7A0}.Debug|Any CPU.Build.0 = Debug|Any CPU
		{4CB24374-90D9-4F49-A8CB-D3D6C700B7A0}.Debug|Mixed Platforms.ActiveCfg = Debug|Any CPU
		{4CB24374-90D9-4F49-A8CB-D3D6C700B7A0}.Debug|Mixed Platforms.Build.0 = Debug|Any CPU
		{4CB24374-90D9-4F49-A8CB-D3D6C700B7A0}.Debug|x64.ActiveCfg = Debug|Any CPU
		{4CB24374-90D9-4F49-A8CB-D3D6C700B7A0}.Debug|x64.Build.0 = Debug|Any CPU
		{4CB24374-90D9-4F49-A8CB-D3D6C700B7A0}.Debug|x86.ActiveCfg = Debug|Any CPU
		{4CB24374-90D9-4F49-A8CB-D3D6C700B7A0}.Debug|x86.Build.0 = Debug|Any CPU
		{4CB24374-90D9-4F49-A8CB-D3D6C700B7A0}.Release|Any CPU.ActiveCfg = Release|Any CPU
		{4CB24374-90D9-4F49-A8CB-D3D6C700B7A0}.Release|Any CPU.Build.0 = Release|Any CPU
		{4CB24374-90D9-4F49-A8CB-D3D6C700B7A0}.Release|Mixed Platforms.ActiveCfg = Release|Any CPU
		{4CB24374-90D9-4F49-A8CB-D3D6C700B7A0}.Release|Mixed Platforms.Build.0 = Release|Any CPU
		{4CB24374-90D9-4F49-A8CB-D3D6C700B7A0}.Release|x64.ActiveCfg = Release|Any CPU
		{4CB24374-90D9-4F49-A8CB-D3D6C700B7A0}.Release|x64.Build.0 = Release|Any CPU
		{4CB24374-90D9-4F49-A8CB-D3D6C700B7A0}.Release|x86.ActiveCfg = Release|Any CPU
		{4CB24374-90D9-4F49-A8CB-D3D6C700B7A0}.Release|x86.Build.0 = Release|Any CPU
		{255B65C3-9389-4378-9FC6-0EBEA313BEAF}.Debug|Any CPU.ActiveCfg = Debug|Any CPU
		{255B65C3-9389-4378-9FC6-0EBEA313BEAF}.Debug|Any CPU.Build.0 = Debug|Any CPU
		{255B65C3-9389-4378-9FC6-0EBEA313BEAF}.Debug|Mixed Platforms.ActiveCfg = Debug|Any CPU
		{255B65C3-9389-4378-9FC6-0EBEA313BEAF}.Debug|Mixed Platforms.Build.0 = Debug|Any CPU
		{255B65C3-9389-4378-9FC6-0EBEA313BEAF}.Debug|x64.ActiveCfg = Debug|Any CPU
		{255B65C3-9389-4378-9FC6-0EBEA313BEAF}.Debug|x64.Build.0 = Debug|Any CPU
		{255B65C3-9389-4378-9FC6-0EBEA313BEAF}.Debug|x86.ActiveCfg = Debug|Any CPU
		{255B65C3-9389-4378-9FC6-0EBEA313BEAF}.Debug|x86.Build.0 = Debug|Any CPU
		{255B65C3-9389-4378-9FC6-0EBEA313BEAF}.Release|Any CPU.ActiveCfg = Release|Any CPU
		{255B65C3-9389-4378-9FC6-0EBEA313BEAF}.Release|Any CPU.Build.0 = Release|Any CPU
		{255B65C3-9389-4378-9FC6-0EBEA313BEAF}.Release|Mixed Platforms.ActiveCfg = Release|Any CPU
		{255B65C3-9389-4378-9FC6-0EBEA313BEAF}.Release|Mixed Platforms.Build.0 = Release|Any CPU
		{255B65C3-9389-4378-9FC6-0EBEA313BEAF}.Release|x64.ActiveCfg = Release|Any CPU
		{255B65C3-9389-4378-9FC6-0EBEA313BEAF}.Release|x64.Build.0 = Release|Any CPU
		{255B65C3-9389-4378-9FC6-0EBEA313BEAF}.Release|x86.ActiveCfg = Release|Any CPU
		{255B65C3-9389-4378-9FC6-0EBEA313BEAF}.Release|x86.Build.0 = Release|Any CPU
		{3CA69982-285F-4562-899B-4E50F041E371}.Debug|Any CPU.ActiveCfg = Debug|Any CPU
		{3CA69982-285F-4562-899B-4E50F041E371}.Debug|Any CPU.Build.0 = Debug|Any CPU
		{3CA69982-285F-4562-899B-4E50F041E371}.Debug|Mixed Platforms.ActiveCfg = Debug|Any CPU
		{3CA69982-285F-4562-899B-4E50F041E371}.Debug|Mixed Platforms.Build.0 = Debug|Any CPU
		{3CA69982-285F-4562-899B-4E50F041E371}.Debug|x64.ActiveCfg = Debug|Any CPU
		{3CA69982-285F-4562-899B-4E50F041E371}.Debug|x64.Build.0 = Debug|Any CPU
		{3CA69982-285F-4562-899B-4E50F041E371}.Debug|x86.ActiveCfg = Debug|Any CPU
		{3CA69982-285F-4562-899B-4E50F041E371}.Debug|x86.Build.0 = Debug|Any CPU
		{3CA69982-285F-4562-899B-4E50F041E371}.Release|Any CPU.ActiveCfg = Release|Any CPU
		{3CA69982-285F-4562-899B-4E50F041E371}.Release|Any CPU.Build.0 = Release|Any CPU
		{3CA69982-285F-4562-899B-4E50F041E371}.Release|Mixed Platforms.ActiveCfg = Release|Any CPU
		{3CA69982-285F-4562-899B-4E50F041E371}.Release|Mixed Platforms.Build.0 = Release|Any CPU
		{3CA69982-285F-4562-899B-4E50F041E371}.Release|x64.ActiveCfg = Release|Any CPU
		{3CA69982-285F-4562-899B-4E50F041E371}.Release|x64.Build.0 = Release|Any CPU
		{3CA69982-285F-4562-899B-4E50F041E371}.Release|x86.ActiveCfg = Release|Any CPU
		{3CA69982-285F-4562-899B-4E50F041E371}.Release|x86.Build.0 = Release|Any CPU
		{47EBA4E5-4FE2-4702-8150-C428FBC926B7}.Debug|Any CPU.ActiveCfg = Debug|Any CPU
		{47EBA4E5-4FE2-4702-8150-C428FBC926B7}.Debug|Any CPU.Build.0 = Debug|Any CPU
		{47EBA4E5-4FE2-4702-8150-C428FBC926B7}.Debug|Mixed Platforms.ActiveCfg = Debug|Any CPU
		{47EBA4E5-4FE2-4702-8150-C428FBC926B7}.Debug|Mixed Platforms.Build.0 = Debug|Any CPU
		{47EBA4E5-4FE2-4702-8150-C428FBC926B7}.Debug|x64.ActiveCfg = Debug|Any CPU
		{47EBA4E5-4FE2-4702-8150-C428FBC926B7}.Debug|x64.Build.0 = Debug|Any CPU
		{47EBA4E5-4FE2-4702-8150-C428FBC926B7}.Debug|x86.ActiveCfg = Debug|Any CPU
		{47EBA4E5-4FE2-4702-8150-C428FBC926B7}.Debug|x86.Build.0 = Debug|Any CPU
		{47EBA4E5-4FE2-4702-8150-C428FBC926B7}.Release|Any CPU.ActiveCfg = Release|Any CPU
		{47EBA4E5-4FE2-4702-8150-C428FBC926B7}.Release|Any CPU.Build.0 = Release|Any CPU
		{47EBA4E5-4FE2-4702-8150-C428FBC926B7}.Release|Mixed Platforms.ActiveCfg = Release|Any CPU
		{47EBA4E5-4FE2-4702-8150-C428FBC926B7}.Release|Mixed Platforms.Build.0 = Release|Any CPU
		{47EBA4E5-4FE2-4702-8150-C428FBC926B7}.Release|x64.ActiveCfg = Release|Any CPU
		{47EBA4E5-4FE2-4702-8150-C428FBC926B7}.Release|x64.Build.0 = Release|Any CPU
		{47EBA4E5-4FE2-4702-8150-C428FBC926B7}.Release|x86.ActiveCfg = Release|Any CPU
		{47EBA4E5-4FE2-4702-8150-C428FBC926B7}.Release|x86.Build.0 = Release|Any CPU
		{926DFF18-A814-4DB2-9DB9-643A77D0E440}.Debug|Any CPU.ActiveCfg = Debug|Any CPU
		{926DFF18-A814-4DB2-9DB9-643A77D0E440}.Debug|Any CPU.Build.0 = Debug|Any CPU
		{926DFF18-A814-4DB2-9DB9-643A77D0E440}.Debug|Mixed Platforms.ActiveCfg = Debug|Any CPU
		{926DFF18-A814-4DB2-9DB9-643A77D0E440}.Debug|Mixed Platforms.Build.0 = Debug|Any CPU
		{926DFF18-A814-4DB2-9DB9-643A77D0E440}.Debug|x64.ActiveCfg = Debug|Any CPU
		{926DFF18-A814-4DB2-9DB9-643A77D0E440}.Debug|x64.Build.0 = Debug|Any CPU
		{926DFF18-A814-4DB2-9DB9-643A77D0E440}.Debug|x86.ActiveCfg = Debug|Any CPU
		{926DFF18-A814-4DB2-9DB9-643A77D0E440}.Debug|x86.Build.0 = Debug|Any CPU
		{926DFF18-A814-4DB2-9DB9-643A77D0E440}.Release|Any CPU.ActiveCfg = Release|Any CPU
		{926DFF18-A814-4DB2-9DB9-643A77D0E440}.Release|Any CPU.Build.0 = Release|Any CPU
		{926DFF18-A814-4DB2-9DB9-643A77D0E440}.Release|Mixed Platforms.ActiveCfg = Release|Any CPU
		{926DFF18-A814-4DB2-9DB9-643A77D0E440}.Release|Mixed Platforms.Build.0 = Release|Any CPU
		{926DFF18-A814-4DB2-9DB9-643A77D0E440}.Release|x64.ActiveCfg = Release|Any CPU
		{926DFF18-A814-4DB2-9DB9-643A77D0E440}.Release|x64.Build.0 = Release|Any CPU
		{926DFF18-A814-4DB2-9DB9-643A77D0E440}.Release|x86.ActiveCfg = Release|Any CPU
		{926DFF18-A814-4DB2-9DB9-643A77D0E440}.Release|x86.Build.0 = Release|Any CPU
		{EE2F9D02-CA6B-4C2E-A2D9-AE0F9032C046}.Debug|Any CPU.ActiveCfg = Debug|Any CPU
		{EE2F9D02-CA6B-4C2E-A2D9-AE0F9032C046}.Debug|Any CPU.Build.0 = Debug|Any CPU
		{EE2F9D02-CA6B-4C2E-A2D9-AE0F9032C046}.Debug|Mixed Platforms.ActiveCfg = Debug|Any CPU
		{EE2F9D02-CA6B-4C2E-A2D9-AE0F9032C046}.Debug|Mixed Platforms.Build.0 = Debug|Any CPU
		{EE2F9D02-CA6B-4C2E-A2D9-AE0F9032C046}.Debug|x64.ActiveCfg = Debug|Any CPU
		{EE2F9D02-CA6B-4C2E-A2D9-AE0F9032C046}.Debug|x64.Build.0 = Debug|Any CPU
		{EE2F9D02-CA6B-4C2E-A2D9-AE0F9032C046}.Debug|x86.ActiveCfg = Debug|Any CPU
		{EE2F9D02-CA6B-4C2E-A2D9-AE0F9032C046}.Debug|x86.Build.0 = Debug|Any CPU
		{EE2F9D02-CA6B-4C2E-A2D9-AE0F9032C046}.Release|Any CPU.ActiveCfg = Release|Any CPU
		{EE2F9D02-CA6B-4C2E-A2D9-AE0F9032C046}.Release|Any CPU.Build.0 = Release|Any CPU
		{EE2F9D02-CA6B-4C2E-A2D9-AE0F9032C046}.Release|Mixed Platforms.ActiveCfg = Release|Any CPU
		{EE2F9D02-CA6B-4C2E-A2D9-AE0F9032C046}.Release|Mixed Platforms.Build.0 = Release|Any CPU
		{EE2F9D02-CA6B-4C2E-A2D9-AE0F9032C046}.Release|x64.ActiveCfg = Release|Any CPU
		{EE2F9D02-CA6B-4C2E-A2D9-AE0F9032C046}.Release|x64.Build.0 = Release|Any CPU
		{EE2F9D02-CA6B-4C2E-A2D9-AE0F9032C046}.Release|x86.ActiveCfg = Release|Any CPU
		{EE2F9D02-CA6B-4C2E-A2D9-AE0F9032C046}.Release|x86.Build.0 = Release|Any CPU
		{2B5271B9-87DA-491C-8F3E-6265D0FC9141}.Debug|Any CPU.ActiveCfg = Debug|Any CPU
		{2B5271B9-87DA-491C-8F3E-6265D0FC9141}.Debug|Any CPU.Build.0 = Debug|Any CPU
		{2B5271B9-87DA-491C-8F3E-6265D0FC9141}.Debug|Mixed Platforms.ActiveCfg = Debug|Any CPU
		{2B5271B9-87DA-491C-8F3E-6265D0FC9141}.Debug|Mixed Platforms.Build.0 = Debug|Any CPU
		{2B5271B9-87DA-491C-8F3E-6265D0FC9141}.Debug|x64.ActiveCfg = Debug|Any CPU
		{2B5271B9-87DA-491C-8F3E-6265D0FC9141}.Debug|x64.Build.0 = Debug|Any CPU
		{2B5271B9-87DA-491C-8F3E-6265D0FC9141}.Debug|x86.ActiveCfg = Debug|Any CPU
		{2B5271B9-87DA-491C-8F3E-6265D0FC9141}.Debug|x86.Build.0 = Debug|Any CPU
		{2B5271B9-87DA-491C-8F3E-6265D0FC9141}.Release|Any CPU.ActiveCfg = Release|Any CPU
		{2B5271B9-87DA-491C-8F3E-6265D0FC9141}.Release|Any CPU.Build.0 = Release|Any CPU
		{2B5271B9-87DA-491C-8F3E-6265D0FC9141}.Release|Mixed Platforms.ActiveCfg = Release|Any CPU
		{2B5271B9-87DA-491C-8F3E-6265D0FC9141}.Release|Mixed Platforms.Build.0 = Release|Any CPU
		{2B5271B9-87DA-491C-8F3E-6265D0FC9141}.Release|x64.ActiveCfg = Release|Any CPU
		{2B5271B9-87DA-491C-8F3E-6265D0FC9141}.Release|x64.Build.0 = Release|Any CPU
		{2B5271B9-87DA-491C-8F3E-6265D0FC9141}.Release|x86.ActiveCfg = Release|Any CPU
		{2B5271B9-87DA-491C-8F3E-6265D0FC9141}.Release|x86.Build.0 = Release|Any CPU
		{5924D211-6193-434D-B224-7FCFA2F528E1}.Debug|Any CPU.ActiveCfg = Debug|Any CPU
		{5924D211-6193-434D-B224-7FCFA2F528E1}.Debug|Any CPU.Build.0 = Debug|Any CPU
		{5924D211-6193-434D-B224-7FCFA2F528E1}.Debug|Mixed Platforms.ActiveCfg = Debug|Any CPU
		{5924D211-6193-434D-B224-7FCFA2F528E1}.Debug|Mixed Platforms.Build.0 = Debug|Any CPU
		{5924D211-6193-434D-B224-7FCFA2F528E1}.Debug|x64.ActiveCfg = Debug|Any CPU
		{5924D211-6193-434D-B224-7FCFA2F528E1}.Debug|x64.Build.0 = Debug|Any CPU
		{5924D211-6193-434D-B224-7FCFA2F528E1}.Debug|x86.ActiveCfg = Debug|Any CPU
		{5924D211-6193-434D-B224-7FCFA2F528E1}.Debug|x86.Build.0 = Debug|Any CPU
		{5924D211-6193-434D-B224-7FCFA2F528E1}.Release|Any CPU.ActiveCfg = Release|Any CPU
		{5924D211-6193-434D-B224-7FCFA2F528E1}.Release|Any CPU.Build.0 = Release|Any CPU
		{5924D211-6193-434D-B224-7FCFA2F528E1}.Release|Mixed Platforms.ActiveCfg = Release|Any CPU
		{5924D211-6193-434D-B224-7FCFA2F528E1}.Release|Mixed Platforms.Build.0 = Release|Any CPU
		{5924D211-6193-434D-B224-7FCFA2F528E1}.Release|x64.ActiveCfg = Release|Any CPU
		{5924D211-6193-434D-B224-7FCFA2F528E1}.Release|x64.Build.0 = Release|Any CPU
		{5924D211-6193-434D-B224-7FCFA2F528E1}.Release|x86.ActiveCfg = Release|Any CPU
		{5924D211-6193-434D-B224-7FCFA2F528E1}.Release|x86.Build.0 = Release|Any CPU
		{CB5D4CBA-63BA-4878-8DEE-3C8FD5958740}.Debug|Any CPU.ActiveCfg = Debug|Any CPU
		{CB5D4CBA-63BA-4878-8DEE-3C8FD5958740}.Debug|Any CPU.Build.0 = Debug|Any CPU
		{CB5D4CBA-63BA-4878-8DEE-3C8FD5958740}.Debug|Mixed Platforms.ActiveCfg = Debug|Any CPU
		{CB5D4CBA-63BA-4878-8DEE-3C8FD5958740}.Debug|Mixed Platforms.Build.0 = Debug|Any CPU
		{CB5D4CBA-63BA-4878-8DEE-3C8FD5958740}.Debug|x64.ActiveCfg = Debug|Any CPU
		{CB5D4CBA-63BA-4878-8DEE-3C8FD5958740}.Debug|x64.Build.0 = Debug|Any CPU
		{CB5D4CBA-63BA-4878-8DEE-3C8FD5958740}.Debug|x86.ActiveCfg = Debug|Any CPU
		{CB5D4CBA-63BA-4878-8DEE-3C8FD5958740}.Debug|x86.Build.0 = Debug|Any CPU
		{CB5D4CBA-63BA-4878-8DEE-3C8FD5958740}.Release|Any CPU.ActiveCfg = Release|Any CPU
		{CB5D4CBA-63BA-4878-8DEE-3C8FD5958740}.Release|Any CPU.Build.0 = Release|Any CPU
		{CB5D4CBA-63BA-4878-8DEE-3C8FD5958740}.Release|Mixed Platforms.ActiveCfg = Release|Any CPU
		{CB5D4CBA-63BA-4878-8DEE-3C8FD5958740}.Release|Mixed Platforms.Build.0 = Release|Any CPU
		{CB5D4CBA-63BA-4878-8DEE-3C8FD5958740}.Release|x64.ActiveCfg = Release|Any CPU
		{CB5D4CBA-63BA-4878-8DEE-3C8FD5958740}.Release|x64.Build.0 = Release|Any CPU
		{CB5D4CBA-63BA-4878-8DEE-3C8FD5958740}.Release|x86.ActiveCfg = Release|Any CPU
		{CB5D4CBA-63BA-4878-8DEE-3C8FD5958740}.Release|x86.Build.0 = Release|Any CPU
		{505281C0-8BC0-4F5C-8BAE-8EEC4EF635C7}.Debug|Any CPU.ActiveCfg = Debug|Any CPU
		{505281C0-8BC0-4F5C-8BAE-8EEC4EF635C7}.Debug|Any CPU.Build.0 = Debug|Any CPU
		{505281C0-8BC0-4F5C-8BAE-8EEC4EF635C7}.Debug|Mixed Platforms.ActiveCfg = Debug|Any CPU
		{505281C0-8BC0-4F5C-8BAE-8EEC4EF635C7}.Debug|Mixed Platforms.Build.0 = Debug|Any CPU
		{505281C0-8BC0-4F5C-8BAE-8EEC4EF635C7}.Debug|x64.ActiveCfg = Debug|Any CPU
		{505281C0-8BC0-4F5C-8BAE-8EEC4EF635C7}.Debug|x64.Build.0 = Debug|Any CPU
		{505281C0-8BC0-4F5C-8BAE-8EEC4EF635C7}.Debug|x86.ActiveCfg = Debug|Any CPU
		{505281C0-8BC0-4F5C-8BAE-8EEC4EF635C7}.Debug|x86.Build.0 = Debug|Any CPU
		{505281C0-8BC0-4F5C-8BAE-8EEC4EF635C7}.Release|Any CPU.ActiveCfg = Release|Any CPU
		{505281C0-8BC0-4F5C-8BAE-8EEC4EF635C7}.Release|Any CPU.Build.0 = Release|Any CPU
		{505281C0-8BC0-4F5C-8BAE-8EEC4EF635C7}.Release|Mixed Platforms.ActiveCfg = Release|Any CPU
		{505281C0-8BC0-4F5C-8BAE-8EEC4EF635C7}.Release|Mixed Platforms.Build.0 = Release|Any CPU
		{505281C0-8BC0-4F5C-8BAE-8EEC4EF635C7}.Release|x64.ActiveCfg = Release|Any CPU
		{505281C0-8BC0-4F5C-8BAE-8EEC4EF635C7}.Release|x64.Build.0 = Release|Any CPU
		{505281C0-8BC0-4F5C-8BAE-8EEC4EF635C7}.Release|x86.ActiveCfg = Release|Any CPU
		{505281C0-8BC0-4F5C-8BAE-8EEC4EF635C7}.Release|x86.Build.0 = Release|Any CPU
		{48E18B56-4C37-4D69-ABA7-429C42B45AAC}.Debug|Any CPU.ActiveCfg = Debug|Any CPU
		{48E18B56-4C37-4D69-ABA7-429C42B45AAC}.Debug|Any CPU.Build.0 = Debug|Any CPU
		{48E18B56-4C37-4D69-ABA7-429C42B45AAC}.Debug|Mixed Platforms.ActiveCfg = Debug|Any CPU
		{48E18B56-4C37-4D69-ABA7-429C42B45AAC}.Debug|Mixed Platforms.Build.0 = Debug|Any CPU
		{48E18B56-4C37-4D69-ABA7-429C42B45AAC}.Debug|x64.ActiveCfg = Debug|Any CPU
		{48E18B56-4C37-4D69-ABA7-429C42B45AAC}.Debug|x64.Build.0 = Debug|Any CPU
		{48E18B56-4C37-4D69-ABA7-429C42B45AAC}.Debug|x86.ActiveCfg = Debug|Any CPU
		{48E18B56-4C37-4D69-ABA7-429C42B45AAC}.Debug|x86.Build.0 = Debug|Any CPU
		{48E18B56-4C37-4D69-ABA7-429C42B45AAC}.Release|Any CPU.ActiveCfg = Release|Any CPU
		{48E18B56-4C37-4D69-ABA7-429C42B45AAC}.Release|Any CPU.Build.0 = Release|Any CPU
		{48E18B56-4C37-4D69-ABA7-429C42B45AAC}.Release|Mixed Platforms.ActiveCfg = Release|Any CPU
		{48E18B56-4C37-4D69-ABA7-429C42B45AAC}.Release|Mixed Platforms.Build.0 = Release|Any CPU
		{48E18B56-4C37-4D69-ABA7-429C42B45AAC}.Release|x64.ActiveCfg = Release|Any CPU
		{48E18B56-4C37-4D69-ABA7-429C42B45AAC}.Release|x64.Build.0 = Release|Any CPU
		{48E18B56-4C37-4D69-ABA7-429C42B45AAC}.Release|x86.ActiveCfg = Release|Any CPU
		{48E18B56-4C37-4D69-ABA7-429C42B45AAC}.Release|x86.Build.0 = Release|Any CPU
		{B28FF67F-03A6-49AF-8B7F-90CA1468B290}.Debug|Any CPU.ActiveCfg = Debug|Any CPU
		{B28FF67F-03A6-49AF-8B7F-90CA1468B290}.Debug|Any CPU.Build.0 = Debug|Any CPU
		{B28FF67F-03A6-49AF-8B7F-90CA1468B290}.Debug|Mixed Platforms.ActiveCfg = Debug|Any CPU
		{B28FF67F-03A6-49AF-8B7F-90CA1468B290}.Debug|Mixed Platforms.Build.0 = Debug|Any CPU
		{B28FF67F-03A6-49AF-8B7F-90CA1468B290}.Debug|x64.ActiveCfg = Debug|Any CPU
		{B28FF67F-03A6-49AF-8B7F-90CA1468B290}.Debug|x64.Build.0 = Debug|Any CPU
		{B28FF67F-03A6-49AF-8B7F-90CA1468B290}.Debug|x86.ActiveCfg = Debug|Any CPU
		{B28FF67F-03A6-49AF-8B7F-90CA1468B290}.Debug|x86.Build.0 = Debug|Any CPU
		{B28FF67F-03A6-49AF-8B7F-90CA1468B290}.Release|Any CPU.ActiveCfg = Release|Any CPU
		{B28FF67F-03A6-49AF-8B7F-90CA1468B290}.Release|Any CPU.Build.0 = Release|Any CPU
		{B28FF67F-03A6-49AF-8B7F-90CA1468B290}.Release|Mixed Platforms.ActiveCfg = Release|Any CPU
		{B28FF67F-03A6-49AF-8B7F-90CA1468B290}.Release|Mixed Platforms.Build.0 = Release|Any CPU
		{B28FF67F-03A6-49AF-8B7F-90CA1468B290}.Release|x64.ActiveCfg = Release|Any CPU
		{B28FF67F-03A6-49AF-8B7F-90CA1468B290}.Release|x64.Build.0 = Release|Any CPU
		{B28FF67F-03A6-49AF-8B7F-90CA1468B290}.Release|x86.ActiveCfg = Release|Any CPU
		{B28FF67F-03A6-49AF-8B7F-90CA1468B290}.Release|x86.Build.0 = Release|Any CPU
		{93E64E91-1E55-41B2-9ECB-C3E3DE15C3D7}.Debug|Any CPU.ActiveCfg = Debug|Any CPU
		{93E64E91-1E55-41B2-9ECB-C3E3DE15C3D7}.Debug|Any CPU.Build.0 = Debug|Any CPU
		{93E64E91-1E55-41B2-9ECB-C3E3DE15C3D7}.Debug|Mixed Platforms.ActiveCfg = Debug|Any CPU
		{93E64E91-1E55-41B2-9ECB-C3E3DE15C3D7}.Debug|Mixed Platforms.Build.0 = Debug|Any CPU
		{93E64E91-1E55-41B2-9ECB-C3E3DE15C3D7}.Debug|x64.ActiveCfg = Debug|Any CPU
		{93E64E91-1E55-41B2-9ECB-C3E3DE15C3D7}.Debug|x64.Build.0 = Debug|Any CPU
		{93E64E91-1E55-41B2-9ECB-C3E3DE15C3D7}.Debug|x86.ActiveCfg = Debug|Any CPU
		{93E64E91-1E55-41B2-9ECB-C3E3DE15C3D7}.Debug|x86.Build.0 = Debug|Any CPU
		{93E64E91-1E55-41B2-9ECB-C3E3DE15C3D7}.Release|Any CPU.ActiveCfg = Release|Any CPU
		{93E64E91-1E55-41B2-9ECB-C3E3DE15C3D7}.Release|Any CPU.Build.0 = Release|Any CPU
		{93E64E91-1E55-41B2-9ECB-C3E3DE15C3D7}.Release|Mixed Platforms.ActiveCfg = Release|Any CPU
		{93E64E91-1E55-41B2-9ECB-C3E3DE15C3D7}.Release|Mixed Platforms.Build.0 = Release|Any CPU
		{93E64E91-1E55-41B2-9ECB-C3E3DE15C3D7}.Release|x64.ActiveCfg = Release|Any CPU
		{93E64E91-1E55-41B2-9ECB-C3E3DE15C3D7}.Release|x64.Build.0 = Release|Any CPU
		{93E64E91-1E55-41B2-9ECB-C3E3DE15C3D7}.Release|x86.ActiveCfg = Release|Any CPU
		{93E64E91-1E55-41B2-9ECB-C3E3DE15C3D7}.Release|x86.Build.0 = Release|Any CPU
	EndGlobalSection
	GlobalSection(SolutionProperties) = preSolution
		HideSolutionNode = FALSE
	EndGlobalSection
	GlobalSection(ExtensibilityGlobals) = postSolution
		SolutionGuid = {8A4B5E15-FA8F-4B49-94B3-677E423A11DD}
	EndGlobalSection
EndGlobal
